// !$*UTF8*$!
{
	archiveVersion = 1;
	classes = {
	};
	objectVersion = 50;
	objects = {

/* Begin PBXBuildFile section */
		1346BDA7210A7A3500D7E6EA /* TextMessageService.swift in Sources */ = {isa = PBXBuildFile; fileRef = 1346BDA6210A7A3500D7E6EA /* TextMessageService.swift */; };
		1346BDA9210B7FF300D7E6EA /* Contact.swift in Sources */ = {isa = PBXBuildFile; fileRef = 1346BDA8210B7FF300D7E6EA /* Contact.swift */; };
		1346BDAB210B80C300D7E6EA /* ContactService.swift in Sources */ = {isa = PBXBuildFile; fileRef = 1346BDAA210B80C300D7E6EA /* ContactService.swift */; };
		1346BDAD210B979A00D7E6EA /* ContactCell.swift in Sources */ = {isa = PBXBuildFile; fileRef = 1346BDAC210B979A00D7E6EA /* ContactCell.swift */; };
		1346BDB1210BD51800D7E6EA /* ScrollableContactCell.swift in Sources */ = {isa = PBXBuildFile; fileRef = 1346BDB0210BD51800D7E6EA /* ScrollableContactCell.swift */; };
		1346BDB32110F69900D7E6EA /* alarm.mp3 in Resources */ = {isa = PBXBuildFile; fileRef = 1346BDB22110F69900D7E6EA /* alarm.mp3 */; };
		1346BDB5211107BA00D7E6EA /* CoreLocation.framework in Frameworks */ = {isa = PBXBuildFile; fileRef = 1346BDB4211107BA00D7E6EA /* CoreLocation.framework */; };
		1346BDB7211228B000D7E6EA /* Message.swift in Sources */ = {isa = PBXBuildFile; fileRef = 1346BDB6211228B000D7E6EA /* Message.swift */; };
		1346BDB92112299B00D7E6EA /* MessageService.swift in Sources */ = {isa = PBXBuildFile; fileRef = 1346BDB82112299B00D7E6EA /* MessageService.swift */; };
		1375C38D2107A80300611E8C /* AppDelegate.swift in Sources */ = {isa = PBXBuildFile; fileRef = 1375C38C2107A80300611E8C /* AppDelegate.swift */; };
		1375C3922107A80300611E8C /* Main.storyboard in Resources */ = {isa = PBXBuildFile; fileRef = 1375C3902107A80300611E8C /* Main.storyboard */; };
		1375C3942107A80400611E8C /* Assets.xcassets in Resources */ = {isa = PBXBuildFile; fileRef = 1375C3932107A80400611E8C /* Assets.xcassets */; };
		1375C3972107A80400611E8C /* LaunchScreen.storyboard in Resources */ = {isa = PBXBuildFile; fileRef = 1375C3952107A80400611E8C /* LaunchScreen.storyboard */; };
		1375C3A12107ADDF00611E8C /* GoogleService-Info.plist in Resources */ = {isa = PBXBuildFile; fileRef = 1375C3A02107ADDF00611E8C /* GoogleService-Info.plist */; };
		1375C3A82107B24D00611E8C /* HomeViewController.swift in Sources */ = {isa = PBXBuildFile; fileRef = 1375C3A72107B24D00611E8C /* HomeViewController.swift */; };
		1375C3AA2107B26000611E8C /* ConfigureViewController.swift in Sources */ = {isa = PBXBuildFile; fileRef = 1375C3A92107B26000611E8C /* ConfigureViewController.swift */; };
		1375C3AC2107B27200611E8C /* HistoryTableViewController.swift in Sources */ = {isa = PBXBuildFile; fileRef = 1375C3AB2107B27200611E8C /* HistoryTableViewController.swift */; };
		1375C3B12107B48200611E8C /* Login.storyboard in Resources */ = {isa = PBXBuildFile; fileRef = 1375C3B02107B48200611E8C /* Login.storyboard */; };
		1375C3B32107B50600611E8C /* LoginViewController.swift in Sources */ = {isa = PBXBuildFile; fileRef = 1375C3B22107B50600611E8C /* LoginViewController.swift */; };
		1375C3B52107D9AD00611E8C /* User.swift in Sources */ = {isa = PBXBuildFile; fileRef = 1375C3B42107D9AD00611E8C /* User.swift */; };
		1375C3B72107DE2D00611E8C /* CreateUsernameViewController.swift in Sources */ = {isa = PBXBuildFile; fileRef = 1375C3B62107DE2D00611E8C /* CreateUsernameViewController.swift */; };
		1375C3B92107E32E00611E8C /* UserService.swift in Sources */ = {isa = PBXBuildFile; fileRef = 1375C3B82107E32E00611E8C /* UserService.swift */; };
		1375C3BB2107E81E00611E8C /* Constants.swift in Sources */ = {isa = PBXBuildFile; fileRef = 1375C3BA2107E81E00611E8C /* Constants.swift */; };
		1375C3BD2107E8A600611E8C /* Storyboard+Utility.swift in Sources */ = {isa = PBXBuildFile; fileRef = 1375C3BC2107E8A600611E8C /* Storyboard+Utility.swift */; };
		1375C3BF2108FE9A00611E8C /* EmergencyContactTableViewController.swift in Sources */ = {isa = PBXBuildFile; fileRef = 1375C3BE2108FE9A00611E8C /* EmergencyContactTableViewController.swift */; };
		6D144A139798F8CDBF9876E2 /* Pods_KeepMeSafe.framework in Frameworks */ = {isa = PBXBuildFile; fileRef = 20C49AEB7C89919F0D6B0E4C /* Pods_KeepMeSafe.framework */; };
/* End PBXBuildFile section */

/* Begin PBXFileReference section */
		01CA58C568EF6494F0318775 /* Pods-KeepMeSafe.debug.xcconfig */ = {isa = PBXFileReference; includeInIndex = 1; lastKnownFileType = text.xcconfig; name = "Pods-KeepMeSafe.debug.xcconfig"; path = "Pods/Target Support Files/Pods-KeepMeSafe/Pods-KeepMeSafe.debug.xcconfig"; sourceTree = "<group>"; };
		1346BDA6210A7A3500D7E6EA /* TextMessageService.swift */ = {isa = PBXFileReference; lastKnownFileType = sourcecode.swift; path = TextMessageService.swift; sourceTree = "<group>"; };
		1346BDA8210B7FF300D7E6EA /* Contact.swift */ = {isa = PBXFileReference; lastKnownFileType = sourcecode.swift; path = Contact.swift; sourceTree = "<group>"; };
		1346BDAA210B80C300D7E6EA /* ContactService.swift */ = {isa = PBXFileReference; lastKnownFileType = sourcecode.swift; path = ContactService.swift; sourceTree = "<group>"; };
		1346BDAC210B979A00D7E6EA /* ContactCell.swift */ = {isa = PBXFileReference; lastKnownFileType = sourcecode.swift; path = ContactCell.swift; sourceTree = "<group>"; };
		1346BDB0210BD51800D7E6EA /* ScrollableContactCell.swift */ = {isa = PBXFileReference; lastKnownFileType = sourcecode.swift; path = ScrollableContactCell.swift; sourceTree = "<group>"; };
		1346BDB22110F69900D7E6EA /* alarm.mp3 */ = {isa = PBXFileReference; lastKnownFileType = audio.mp3; name = alarm.mp3; path = ../../../../../Downloads/alarm.mp3; sourceTree = "<group>"; };
		1346BDB4211107BA00D7E6EA /* CoreLocation.framework */ = {isa = PBXFileReference; lastKnownFileType = wrapper.framework; name = CoreLocation.framework; path = System/Library/Frameworks/CoreLocation.framework; sourceTree = SDKROOT; };
		1346BDB6211228B000D7E6EA /* Message.swift */ = {isa = PBXFileReference; lastKnownFileType = sourcecode.swift; path = Message.swift; sourceTree = "<group>"; };
		1346BDB82112299B00D7E6EA /* MessageService.swift */ = {isa = PBXFileReference; lastKnownFileType = sourcecode.swift; path = MessageService.swift; sourceTree = "<group>"; };
		1375C3892107A80300611E8C /* KeepMeSafe.app */ = {isa = PBXFileReference; explicitFileType = wrapper.application; includeInIndex = 0; path = KeepMeSafe.app; sourceTree = BUILT_PRODUCTS_DIR; };
		1375C38C2107A80300611E8C /* AppDelegate.swift */ = {isa = PBXFileReference; lastKnownFileType = sourcecode.swift; path = AppDelegate.swift; sourceTree = "<group>"; };
		1375C3912107A80300611E8C /* Base */ = {isa = PBXFileReference; lastKnownFileType = file.storyboard; name = Base; path = Base.lproj/Main.storyboard; sourceTree = "<group>"; };
		1375C3932107A80400611E8C /* Assets.xcassets */ = {isa = PBXFileReference; lastKnownFileType = folder.assetcatalog; path = Assets.xcassets; sourceTree = "<group>"; };
		1375C3962107A80400611E8C /* Base */ = {isa = PBXFileReference; lastKnownFileType = file.storyboard; name = Base; path = Base.lproj/LaunchScreen.storyboard; sourceTree = "<group>"; };
		1375C3982107A80400611E8C /* Info.plist */ = {isa = PBXFileReference; lastKnownFileType = text.plist.xml; path = Info.plist; sourceTree = "<group>"; };
		1375C3A02107ADDF00611E8C /* GoogleService-Info.plist */ = {isa = PBXFileReference; fileEncoding = 4; lastKnownFileType = text.plist.xml; name = "GoogleService-Info.plist"; path = "../../../../Downloads/GoogleService-Info.plist"; sourceTree = "<group>"; };
		1375C3A62107B18800611E8C /* GoogleService-Info.plist */ = {isa = PBXFileReference; lastKnownFileType = text.plist.xml; path = "GoogleService-Info.plist"; sourceTree = "<group>"; };
		1375C3A72107B24D00611E8C /* HomeViewController.swift */ = {isa = PBXFileReference; lastKnownFileType = sourcecode.swift; path = HomeViewController.swift; sourceTree = "<group>"; };
		1375C3A92107B26000611E8C /* ConfigureViewController.swift */ = {isa = PBXFileReference; lastKnownFileType = sourcecode.swift; path = ConfigureViewController.swift; sourceTree = "<group>"; };
		1375C3AB2107B27200611E8C /* HistoryTableViewController.swift */ = {isa = PBXFileReference; lastKnownFileType = sourcecode.swift; path = HistoryTableViewController.swift; sourceTree = "<group>"; };
		1375C3B02107B48200611E8C /* Login.storyboard */ = {isa = PBXFileReference; lastKnownFileType = file.storyboard; path = Login.storyboard; sourceTree = "<group>"; };
		1375C3B22107B50600611E8C /* LoginViewController.swift */ = {isa = PBXFileReference; lastKnownFileType = sourcecode.swift; path = LoginViewController.swift; sourceTree = "<group>"; };
		1375C3B42107D9AD00611E8C /* User.swift */ = {isa = PBXFileReference; lastKnownFileType = sourcecode.swift; path = User.swift; sourceTree = "<group>"; };
		1375C3B62107DE2D00611E8C /* CreateUsernameViewController.swift */ = {isa = PBXFileReference; lastKnownFileType = sourcecode.swift; path = CreateUsernameViewController.swift; sourceTree = "<group>"; };
		1375C3B82107E32E00611E8C /* UserService.swift */ = {isa = PBXFileReference; lastKnownFileType = sourcecode.swift; path = UserService.swift; sourceTree = "<group>"; };
		1375C3BA2107E81E00611E8C /* Constants.swift */ = {isa = PBXFileReference; lastKnownFileType = sourcecode.swift; path = Constants.swift; sourceTree = "<group>"; };
		1375C3BC2107E8A600611E8C /* Storyboard+Utility.swift */ = {isa = PBXFileReference; lastKnownFileType = sourcecode.swift; path = "Storyboard+Utility.swift"; sourceTree = "<group>"; };
		1375C3BE2108FE9A00611E8C /* EmergencyContactTableViewController.swift */ = {isa = PBXFileReference; lastKnownFileType = sourcecode.swift; path = EmergencyContactTableViewController.swift; sourceTree = "<group>"; };
		20C49AEB7C89919F0D6B0E4C /* Pods_KeepMeSafe.framework */ = {isa = PBXFileReference; explicitFileType = wrapper.framework; includeInIndex = 0; path = Pods_KeepMeSafe.framework; sourceTree = BUILT_PRODUCTS_DIR; };
		E5642284E91867E3AE4888DC /* Pods-KeepMeSafe.release.xcconfig */ = {isa = PBXFileReference; includeInIndex = 1; lastKnownFileType = text.xcconfig; name = "Pods-KeepMeSafe.release.xcconfig"; path = "Pods/Target Support Files/Pods-KeepMeSafe/Pods-KeepMeSafe.release.xcconfig"; sourceTree = "<group>"; };
/* End PBXFileReference section */

/* Begin PBXFrameworksBuildPhase section */
		1375C3862107A80300611E8C /* Frameworks */ = {
			isa = PBXFrameworksBuildPhase;
			buildActionMask = 2147483647;
			files = (
				1346BDB5211107BA00D7E6EA /* CoreLocation.framework in Frameworks */,
				6D144A139798F8CDBF9876E2 /* Pods_KeepMeSafe.framework in Frameworks */,
			);
			runOnlyForDeploymentPostprocessing = 0;
		};
/* End PBXFrameworksBuildPhase section */

/* Begin PBXGroup section */
		1375C3802107A80300611E8C = {
			isa = PBXGroup;
			children = (
				1375C38B2107A80300611E8C /* KeepMeSafe */,
				1375C38A2107A80300611E8C /* Products */,
				FEB39B6E97CBAD68CCB0359C /* Pods */,
				297A8C42FF5E69908BD0F7E7 /* Frameworks */,
			);
			sourceTree = "<group>";
		};
		1375C38A2107A80300611E8C /* Products */ = {
			isa = PBXGroup;
			children = (
				1375C3892107A80300611E8C /* KeepMeSafe.app */,
			);
			name = Products;
			sourceTree = "<group>";
		};
		1375C38B2107A80300611E8C /* KeepMeSafe */ = {
			isa = PBXGroup;
			children = (
				1375C3AF2107B36100611E8C /* Service */,
				1375C3AE2107B33F00611E8C /* Views */,
				1375C3AD2107B32700611E8C /* Models */,
				1375C3A52107B14900611E8C /* Supporting Files */,
				1375C3A42107B14200611E8C /* Storyboards */,
				1375C3A22107B12C00611E8C /* Controllers */,
				1375C3A02107ADDF00611E8C /* GoogleService-Info.plist */,
				1375C38C2107A80300611E8C /* AppDelegate.swift */,
				1375C3932107A80400611E8C /* Assets.xcassets */,
			);
			path = KeepMeSafe;
			sourceTree = "<group>";
		};
		1375C3A22107B12C00611E8C /* Controllers */ = {
			isa = PBXGroup;
			children = (
				1375C3B22107B50600611E8C /* LoginViewController.swift */,
				1375C3B62107DE2D00611E8C /* CreateUsernameViewController.swift */,
				1375C3A92107B26000611E8C /* ConfigureViewController.swift */,
				1375C3BE2108FE9A00611E8C /* EmergencyContactTableViewController.swift */,
				1375C3A72107B24D00611E8C /* HomeViewController.swift */,
				1375C3AB2107B27200611E8C /* HistoryTableViewController.swift */,
			);
			path = Controllers;
			sourceTree = "<group>";
		};
		1375C3A42107B14200611E8C /* Storyboards */ = {
			isa = PBXGroup;
			children = (
				1375C3952107A80400611E8C /* LaunchScreen.storyboard */,
				1375C3B02107B48200611E8C /* Login.storyboard */,
				1375C3902107A80300611E8C /* Main.storyboard */,
			);
			path = Storyboards;
			sourceTree = "<group>";
		};
		1375C3A52107B14900611E8C /* Supporting Files */ = {
			isa = PBXGroup;
			children = (
				1375C3A62107B18800611E8C /* GoogleService-Info.plist */,
				1375C3982107A80400611E8C /* Info.plist */,
				1375C3BA2107E81E00611E8C /* Constants.swift */,
				1375C3BC2107E8A600611E8C /* Storyboard+Utility.swift */,
				1346BDB22110F69900D7E6EA /* alarm.mp3 */,
			);
			path = "Supporting Files";
			sourceTree = "<group>";
		};
		1375C3AD2107B32700611E8C /* Models */ = {
			isa = PBXGroup;
			children = (
				1375C3B42107D9AD00611E8C /* User.swift */,
				1346BDA8210B7FF300D7E6EA /* Contact.swift */,
				1346BDB6211228B000D7E6EA /* Message.swift */,
			);
			path = Models;
			sourceTree = "<group>";
		};
		1375C3AE2107B33F00611E8C /* Views */ = {
			isa = PBXGroup;
			children = (
				1346BDAC210B979A00D7E6EA /* ContactCell.swift */,
				1346BDB0210BD51800D7E6EA /* ScrollableContactCell.swift */,
			);
			path = Views;
			sourceTree = "<group>";
		};
		1375C3AF2107B36100611E8C /* Service */ = {
			isa = PBXGroup;
			children = (
				1375C3B82107E32E00611E8C /* UserService.swift */,
				1346BDAA210B80C300D7E6EA /* ContactService.swift */,
				1346BDB82112299B00D7E6EA /* MessageService.swift */,
				1346BDA6210A7A3500D7E6EA /* TextMessageService.swift */,
			);
			path = Service;
			sourceTree = "<group>";
		};
		297A8C42FF5E69908BD0F7E7 /* Frameworks */ = {
			isa = PBXGroup;
			children = (
				1346BDB4211107BA00D7E6EA /* CoreLocation.framework */,
				20C49AEB7C89919F0D6B0E4C /* Pods_KeepMeSafe.framework */,
			);
			name = Frameworks;
			sourceTree = "<group>";
		};
		FEB39B6E97CBAD68CCB0359C /* Pods */ = {
			isa = PBXGroup;
			children = (
				01CA58C568EF6494F0318775 /* Pods-KeepMeSafe.debug.xcconfig */,
				E5642284E91867E3AE4888DC /* Pods-KeepMeSafe.release.xcconfig */,
			);
			name = Pods;
			sourceTree = "<group>";
		};
/* End PBXGroup section */

/* Begin PBXNativeTarget section */
		1375C3882107A80300611E8C /* KeepMeSafe */ = {
			isa = PBXNativeTarget;
			buildConfigurationList = 1375C39B2107A80400611E8C /* Build configuration list for PBXNativeTarget "KeepMeSafe" */;
			buildPhases = (
				44CB3DA0D68C481106A29714 /* [CP] Check Pods Manifest.lock */,
				1375C3852107A80300611E8C /* Sources */,
				1375C3862107A80300611E8C /* Frameworks */,
				1375C3872107A80300611E8C /* Resources */,
				3D3B3A70808A2894319BF5AB /* [CP] Embed Pods Frameworks */,
				894743B10E4E5435BD265001 /* [CP] Copy Pods Resources */,
			);
			buildRules = (
			);
			dependencies = (
			);
			name = KeepMeSafe;
			productName = KeepMeSafe;
			productReference = 1375C3892107A80300611E8C /* KeepMeSafe.app */;
			productType = "com.apple.product-type.application";
		};
/* End PBXNativeTarget section */

/* Begin PBXProject section */
		1375C3812107A80300611E8C /* Project object */ = {
			isa = PBXProject;
			attributes = {
				LastSwiftUpdateCheck = 0940;
				LastUpgradeCheck = 0940;
				ORGANIZATIONNAME = "Gabriel Khouri-Haddad";
				TargetAttributes = {
					1375C3882107A80300611E8C = {
						CreatedOnToolsVersion = 9.4.1;
					};
				};
			};
			buildConfigurationList = 1375C3842107A80300611E8C /* Build configuration list for PBXProject "KeepMeSafe" */;
			compatibilityVersion = "Xcode 9.3";
			developmentRegion = en;
			hasScannedForEncodings = 0;
			knownRegions = (
				en,
				Base,
			);
			mainGroup = 1375C3802107A80300611E8C;
			productRefGroup = 1375C38A2107A80300611E8C /* Products */;
			projectDirPath = "";
			projectRoot = "";
			targets = (
				1375C3882107A80300611E8C /* KeepMeSafe */,
			);
		};
/* End PBXProject section */

/* Begin PBXResourcesBuildPhase section */
		1375C3872107A80300611E8C /* Resources */ = {
			isa = PBXResourcesBuildPhase;
			buildActionMask = 2147483647;
			files = (
				1375C3972107A80400611E8C /* LaunchScreen.storyboard in Resources */,
				1375C3A12107ADDF00611E8C /* GoogleService-Info.plist in Resources */,
				1375C3942107A80400611E8C /* Assets.xcassets in Resources */,
				1346BDB32110F69900D7E6EA /* alarm.mp3 in Resources */,
				1375C3B12107B48200611E8C /* Login.storyboard in Resources */,
				1375C3922107A80300611E8C /* Main.storyboard in Resources */,
			);
			runOnlyForDeploymentPostprocessing = 0;
		};
/* End PBXResourcesBuildPhase section */

/* Begin PBXShellScriptBuildPhase section */
		3D3B3A70808A2894319BF5AB /* [CP] Embed Pods Frameworks */ = {
			isa = PBXShellScriptBuildPhase;
			buildActionMask = 2147483647;
			files = (
			);
			inputPaths = (
				"${SRCROOT}/Pods/Target Support Files/Pods-KeepMeSafe/Pods-KeepMeSafe-frameworks.sh",
				"${BUILT_PRODUCTS_DIR}/Alamofire/Alamofire.framework",
				"${BUILT_PRODUCTS_DIR}/GTMSessionFetcher/GTMSessionFetcher.framework",
				"${BUILT_PRODUCTS_DIR}/GoogleToolboxForMac/GoogleToolboxForMac.framework",
				"${BUILT_PRODUCTS_DIR}/leveldb-library/leveldb.framework",
				"${BUILT_PRODUCTS_DIR}/nanopb/nanopb.framework",
			);
			name = "[CP] Embed Pods Frameworks";
			outputPaths = (
				"${TARGET_BUILD_DIR}/${FRAMEWORKS_FOLDER_PATH}/Alamofire.framework",
				"${TARGET_BUILD_DIR}/${FRAMEWORKS_FOLDER_PATH}/GTMSessionFetcher.framework",
				"${TARGET_BUILD_DIR}/${FRAMEWORKS_FOLDER_PATH}/GoogleToolboxForMac.framework",
				"${TARGET_BUILD_DIR}/${FRAMEWORKS_FOLDER_PATH}/leveldb.framework",
				"${TARGET_BUILD_DIR}/${FRAMEWORKS_FOLDER_PATH}/nanopb.framework",
			);
			runOnlyForDeploymentPostprocessing = 0;
			shellPath = /bin/sh;
			shellScript = "\"${SRCROOT}/Pods/Target Support Files/Pods-KeepMeSafe/Pods-KeepMeSafe-frameworks.sh\"\n";
			showEnvVarsInLog = 0;
		};
		44CB3DA0D68C481106A29714 /* [CP] Check Pods Manifest.lock */ = {
			isa = PBXShellScriptBuildPhase;
			buildActionMask = 2147483647;
			files = (
			);
			inputPaths = (
				"${PODS_PODFILE_DIR_PATH}/Podfile.lock",
				"${PODS_ROOT}/Manifest.lock",
			);
			name = "[CP] Check Pods Manifest.lock";
			outputPaths = (
				"$(DERIVED_FILE_DIR)/Pods-KeepMeSafe-checkManifestLockResult.txt",
			);
			runOnlyForDeploymentPostprocessing = 0;
			shellPath = /bin/sh;
			shellScript = "diff \"${PODS_PODFILE_DIR_PATH}/Podfile.lock\" \"${PODS_ROOT}/Manifest.lock\" > /dev/null\nif [ $? != 0 ] ; then\n    # print error to STDERR\n    echo \"error: The sandbox is not in sync with the Podfile.lock. Run 'pod install' or update your CocoaPods installation.\" >&2\n    exit 1\nfi\n# This output is used by Xcode 'outputs' to avoid re-running this script phase.\necho \"SUCCESS\" > \"${SCRIPT_OUTPUT_FILE_0}\"\n";
			showEnvVarsInLog = 0;
		};
		894743B10E4E5435BD265001 /* [CP] Copy Pods Resources */ = {
			isa = PBXShellScriptBuildPhase;
			buildActionMask = 2147483647;
			files = (
			);
			inputPaths = (
				"${SRCROOT}/Pods/Target Support Files/Pods-KeepMeSafe/Pods-KeepMeSafe-resources.sh",
				"${PODS_CONFIGURATION_BUILD_DIR}/FirebaseUI/FirebaseAuthUI.bundle",
			);
			name = "[CP] Copy Pods Resources";
			outputPaths = (
				"${TARGET_BUILD_DIR}/${UNLOCALIZED_RESOURCES_FOLDER_PATH}/FirebaseAuthUI.bundle",
			);
			runOnlyForDeploymentPostprocessing = 0;
			shellPath = /bin/sh;
			shellScript = "\"${SRCROOT}/Pods/Target Support Files/Pods-KeepMeSafe/Pods-KeepMeSafe-resources.sh\"\n";
			showEnvVarsInLog = 0;
		};
/* End PBXShellScriptBuildPhase section */

/* Begin PBXSourcesBuildPhase section */
		1375C3852107A80300611E8C /* Sources */ = {
			isa = PBXSourcesBuildPhase;
			buildActionMask = 2147483647;
			files = (
				1346BDAD210B979A00D7E6EA /* ContactCell.swift in Sources */,
				1346BDB1210BD51800D7E6EA /* ScrollableContactCell.swift in Sources */,
				1346BDA9210B7FF300D7E6EA /* Contact.swift in Sources */,
				1346BDB7211228B000D7E6EA /* Message.swift in Sources */,
				1375C38D2107A80300611E8C /* AppDelegate.swift in Sources */,
				1375C3A82107B24D00611E8C /* HomeViewController.swift in Sources */,
				1375C3B52107D9AD00611E8C /* User.swift in Sources */,
				1375C3AA2107B26000611E8C /* ConfigureViewController.swift in Sources */,
				1346BDA7210A7A3500D7E6EA /* TextMessageService.swift in Sources */,
				1375C3B92107E32E00611E8C /* UserService.swift in Sources */,
				1375C3B32107B50600611E8C /* LoginViewController.swift in Sources */,
				1375C3AC2107B27200611E8C /* HistoryTableViewController.swift in Sources */,
				1375C3BF2108FE9A00611E8C /* EmergencyContactTableViewController.swift in Sources */,
				1346BDB92112299B00D7E6EA /* MessageService.swift in Sources */,
				1346BDAB210B80C300D7E6EA /* ContactService.swift in Sources */,
				1375C3B72107DE2D00611E8C /* CreateUsernameViewController.swift in Sources */,
				1375C3BB2107E81E00611E8C /* Constants.swift in Sources */,
				1375C3BD2107E8A600611E8C /* Storyboard+Utility.swift in Sources */,
			);
			runOnlyForDeploymentPostprocessing = 0;
		};
/* End PBXSourcesBuildPhase section */

/* Begin PBXVariantGroup section */
		1375C3902107A80300611E8C /* Main.storyboard */ = {
			isa = PBXVariantGroup;
			children = (
				1375C3912107A80300611E8C /* Base */,
			);
			name = Main.storyboard;
			sourceTree = "<group>";
		};
		1375C3952107A80400611E8C /* LaunchScreen.storyboard */ = {
			isa = PBXVariantGroup;
			children = (
				1375C3962107A80400611E8C /* Base */,
			);
			name = LaunchScreen.storyboard;
			sourceTree = "<group>";
		};
/* End PBXVariantGroup section */

/* Begin XCBuildConfiguration section */
		1375C3992107A80400611E8C /* Debug */ = {
			isa = XCBuildConfiguration;
			buildSettings = {
				ALWAYS_SEARCH_USER_PATHS = NO;
				CLANG_ANALYZER_NONNULL = YES;
				CLANG_ANALYZER_NUMBER_OBJECT_CONVERSION = YES_AGGRESSIVE;
				CLANG_CXX_LANGUAGE_STANDARD = "gnu++14";
				CLANG_CXX_LIBRARY = "libc++";
				CLANG_ENABLE_MODULES = YES;
				CLANG_ENABLE_OBJC_ARC = YES;
				CLANG_ENABLE_OBJC_WEAK = YES;
				CLANG_WARN_BLOCK_CAPTURE_AUTORELEASING = YES;
				CLANG_WARN_BOOL_CONVERSION = YES;
				CLANG_WARN_COMMA = YES;
				CLANG_WARN_CONSTANT_CONVERSION = YES;
				CLANG_WARN_DEPRECATED_OBJC_IMPLEMENTATIONS = YES;
				CLANG_WARN_DIRECT_OBJC_ISA_USAGE = YES_ERROR;
				CLANG_WARN_DOCUMENTATION_COMMENTS = YES;
				CLANG_WARN_EMPTY_BODY = YES;
				CLANG_WARN_ENUM_CONVERSION = YES;
				CLANG_WARN_INFINITE_RECURSION = YES;
				CLANG_WARN_INT_CONVERSION = YES;
				CLANG_WARN_NON_LITERAL_NULL_CONVERSION = YES;
				CLANG_WARN_OBJC_IMPLICIT_RETAIN_SELF = YES;
				CLANG_WARN_OBJC_LITERAL_CONVERSION = YES;
				CLANG_WARN_OBJC_ROOT_CLASS = YES_ERROR;
				CLANG_WARN_RANGE_LOOP_ANALYSIS = YES;
				CLANG_WARN_STRICT_PROTOTYPES = YES;
				CLANG_WARN_SUSPICIOUS_MOVE = YES;
				CLANG_WARN_UNGUARDED_AVAILABILITY = YES_AGGRESSIVE;
				CLANG_WARN_UNREACHABLE_CODE = YES;
				CLANG_WARN__DUPLICATE_METHOD_MATCH = YES;
				CODE_SIGN_IDENTITY = "iPhone Developer";
				COPY_PHASE_STRIP = NO;
				DEBUG_INFORMATION_FORMAT = dwarf;
				ENABLE_STRICT_OBJC_MSGSEND = YES;
				ENABLE_TESTABILITY = YES;
				GCC_C_LANGUAGE_STANDARD = gnu11;
				GCC_DYNAMIC_NO_PIC = NO;
				GCC_NO_COMMON_BLOCKS = YES;
				GCC_OPTIMIZATION_LEVEL = 0;
				GCC_PREPROCESSOR_DEFINITIONS = (
					"DEBUG=1",
					"$(inherited)",
				);
				GCC_WARN_64_TO_32_BIT_CONVERSION = YES;
				GCC_WARN_ABOUT_RETURN_TYPE = YES_ERROR;
				GCC_WARN_UNDECLARED_SELECTOR = YES;
				GCC_WARN_UNINITIALIZED_AUTOS = YES_AGGRESSIVE;
				GCC_WARN_UNUSED_FUNCTION = YES;
				GCC_WARN_UNUSED_VARIABLE = YES;
				IPHONEOS_DEPLOYMENT_TARGET = 11.4;
				MTL_ENABLE_DEBUG_INFO = YES;
				ONLY_ACTIVE_ARCH = YES;
				SDKROOT = iphoneos;
				SWIFT_ACTIVE_COMPILATION_CONDITIONS = DEBUG;
				SWIFT_OPTIMIZATION_LEVEL = "-Onone";
			};
			name = Debug;
		};
		1375C39A2107A80400611E8C /* Release */ = {
			isa = XCBuildConfiguration;
			buildSettings = {
				ALWAYS_SEARCH_USER_PATHS = NO;
				CLANG_ANALYZER_NONNULL = YES;
				CLANG_ANALYZER_NUMBER_OBJECT_CONVERSION = YES_AGGRESSIVE;
				CLANG_CXX_LANGUAGE_STANDARD = "gnu++14";
				CLANG_CXX_LIBRARY = "libc++";
				CLANG_ENABLE_MODULES = YES;
				CLANG_ENABLE_OBJC_ARC = YES;
				CLANG_ENABLE_OBJC_WEAK = YES;
				CLANG_WARN_BLOCK_CAPTURE_AUTORELEASING = YES;
				CLANG_WARN_BOOL_CONVERSION = YES;
				CLANG_WARN_COMMA = YES;
				CLANG_WARN_CONSTANT_CONVERSION = YES;
				CLANG_WARN_DEPRECATED_OBJC_IMPLEMENTATIONS = YES;
				CLANG_WARN_DIRECT_OBJC_ISA_USAGE = YES_ERROR;
				CLANG_WARN_DOCUMENTATION_COMMENTS = YES;
				CLANG_WARN_EMPTY_BODY = YES;
				CLANG_WARN_ENUM_CONVERSION = YES;
				CLANG_WARN_INFINITE_RECURSION = YES;
				CLANG_WARN_INT_CONVERSION = YES;
				CLANG_WARN_NON_LITERAL_NULL_CONVERSION = YES;
				CLANG_WARN_OBJC_IMPLICIT_RETAIN_SELF = YES;
				CLANG_WARN_OBJC_LITERAL_CONVERSION = YES;
				CLANG_WARN_OBJC_ROOT_CLASS = YES_ERROR;
				CLANG_WARN_RANGE_LOOP_ANALYSIS = YES;
				CLANG_WARN_STRICT_PROTOTYPES = YES;
				CLANG_WARN_SUSPICIOUS_MOVE = YES;
				CLANG_WARN_UNGUARDED_AVAILABILITY = YES_AGGRESSIVE;
				CLANG_WARN_UNREACHABLE_CODE = YES;
				CLANG_WARN__DUPLICATE_METHOD_MATCH = YES;
				CODE_SIGN_IDENTITY = "iPhone Developer";
				COPY_PHASE_STRIP = NO;
				DEBUG_INFORMATION_FORMAT = "dwarf-with-dsym";
				ENABLE_NS_ASSERTIONS = NO;
				ENABLE_STRICT_OBJC_MSGSEND = YES;
				GCC_C_LANGUAGE_STANDARD = gnu11;
				GCC_NO_COMMON_BLOCKS = YES;
				GCC_WARN_64_TO_32_BIT_CONVERSION = YES;
				GCC_WARN_ABOUT_RETURN_TYPE = YES_ERROR;
				GCC_WARN_UNDECLARED_SELECTOR = YES;
				GCC_WARN_UNINITIALIZED_AUTOS = YES_AGGRESSIVE;
				GCC_WARN_UNUSED_FUNCTION = YES;
				GCC_WARN_UNUSED_VARIABLE = YES;
				IPHONEOS_DEPLOYMENT_TARGET = 11.4;
				MTL_ENABLE_DEBUG_INFO = NO;
				SDKROOT = iphoneos;
				SWIFT_COMPILATION_MODE = wholemodule;
				SWIFT_OPTIMIZATION_LEVEL = "-O";
				VALIDATE_PRODUCT = YES;
			};
			name = Release;
		};
		1375C39C2107A80400611E8C /* Debug */ = {
			isa = XCBuildConfiguration;
			baseConfigurationReference = 01CA58C568EF6494F0318775 /* Pods-KeepMeSafe.debug.xcconfig */;
			buildSettings = {
				ASSETCATALOG_COMPILER_APPICON_NAME = AppIcon;
				CODE_SIGN_STYLE = Automatic;
				DEVELOPMENT_TEAM = FAULC9226J;
				INFOPLIST_FILE = "$(SRCROOT)/KeepMeSafe/Supporting Files/Info.plist";
				LD_RUNPATH_SEARCH_PATHS = (
					"$(inherited)",
					"@executable_path/Frameworks",
				);
				PRODUCT_BUNDLE_IDENTIFIER = "com.GabrielKhouri-Haddad.KeepMeSafe";
				PRODUCT_NAME = "$(TARGET_NAME)";
				SWIFT_VERSION = 4.0;
				TARGETED_DEVICE_FAMILY = "1,2";
			};
			name = Debug;
		};
		1375C39D2107A80400611E8C /* Release */ = {
			isa = XCBuildConfiguration;
			baseConfigurationReference = E5642284E91867E3AE4888DC /* Pods-KeepMeSafe.release.xcconfig */;
			buildSettings = {
				ASSETCATALOG_COMPILER_APPICON_NAME = AppIcon;
				CODE_SIGN_STYLE = Automatic;
				DEVELOPMENT_TEAM = FAULC9226J;
				INFOPLIST_FILE = "$(SRCROOT)/KeepMeSafe/Supporting Files/Info.plist";
				LD_RUNPATH_SEARCH_PATHS = (
					"$(inherited)",
					"@executable_path/Frameworks",
				);
				PRODUCT_BUNDLE_IDENTIFIER = "com.GabrielKhouri-Haddad.KeepMeSafe";
				PRODUCT_NAME = "$(TARGET_NAME)";
				SWIFT_VERSION = 4.0;
				TARGETED_DEVICE_FAMILY = "1,2";
			};
			name = Release;
		};
/* End XCBuildConfiguration section */

/* Begin XCConfigurationList section */
		1375C3842107A80300611E8C /* Build configuration list for PBXProject "KeepMeSafe" */ = {
			isa = XCConfigurationList;
			buildConfigurations = (
				1375C3992107A80400611E8C /* Debug */,
				1375C39A2107A80400611E8C /* Release */,
			);
			defaultConfigurationIsVisible = 0;
			defaultConfigurationName = Release;
		};
		1375C39B2107A80400611E8C /* Build configuration list for PBXNativeTarget "KeepMeSafe" */ = {
			isa = XCConfigurationList;
			buildConfigurations = (
				1375C39C2107A80400611E8C /* Debug */,
				1375C39D2107A80400611E8C /* Release */,
			);
			defaultConfigurationIsVisible = 0;
			defaultConfigurationName = Release;
		};
/* End XCConfigurationList section */
	};
	rootObject = 1375C3812107A80300611E8C /* Project object */;
}
